
Microsoft Visual Studio Solution File, Format Version 12.00
# Visual Studio Version 16
VisualStudioVersion = 25.0.1705.5
MinimumVisualStudioVersion = 10.0.40219.1
Project("{FAE04EC0-301F-11D3-BF4B-00C04F79EFBC}") = "MarsRover", "MarsRoverKata\MarsRover.csproj", "{DCA339FC-C67A-4567-BF44-C8BFEC28A5E4}"
EndProject
Project("{FAE04EC0-301F-11D3-BF4B-00C04F79EFBC}") = "MarsRoverUnitTests", "MarsRoverShould\MarsRoverUnitTests.csproj", "{AF48E464-2952-438A-94F4-F759906D101C}"
EndProject
Project("{2150E333-8FDC-42A3-9474-1A3956D46DE8}") = "Solution Items", "Solution Items", "{A0F64481-CCC9-4DE3-9DD9-EE99A7DFD121}"
	ProjectSection(SolutionItems) = preProject
		README.cshtml = README.cshtml
	EndProjectSection
EndProject
Global
	GlobalSection(SolutionConfigurationPlatforms) = preSolution
		Debug|Any CPU = Debug|Any CPU
		Release|Any CPU = Release|Any CPU
	EndGlobalSection
	GlobalSection(ProjectConfigurationPlatforms) = postSolution
		{DCA339FC-C67A-4567-BF44-C8BFEC28A5E4}.Debug|Any CPU.ActiveCfg = Debug|Any CPU
		{DCA339FC-C67A-4567-BF44-C8BFEC28A5E4}.Debug|Any CPU.Build.0 = Debug|Any CPU
		{DCA339FC-C67A-4567-BF44-C8BFEC28A5E4}.Release|Any CPU.ActiveCfg = Release|Any CPU
		{DCA339FC-C67A-4567-BF44-C8BFEC28A5E4}.Release|Any CPU.Build.0 = Release|Any CPU
		{AF48E464-2952-438A-94F4-F759906D101C}.Debug|Any CPU.ActiveCfg = Debug|Any CPU
		{AF48E464-2952-438A-94F4-F759906D101C}.Debug|Any CPU.Build.0 = Debug|Any CPU
		{AF48E464-2952-438A-94F4-F759906D101C}.Release|Any CPU.ActiveCfg = Release|Any CPU
		{AF48E464-2952-438A-94F4-F759906D101C}.Release|Any CPU.Build.0 = Release|Any CPU
	EndGlobalSection
	GlobalSection(SolutionProperties) = preSolution
		HideSolutionNode = FALSE
	EndGlobalSection
	GlobalSection(ExtensibilityGlobals) = postSolution
		SolutionGuid = {E21E55C5-C019-4687-B24D-53EAC814ACAA}
	EndGlobalSection
EndGlobal
